{
    "_meta": {
        "hash": {
            "sha256": "aa56f4d754f090f64d91bf7cc5773df37c0a01ced0b9f8b3c111dee5ebdefcaa"
        },
        "pipfile-spec": 6,
        "requires": {
            "python_version": "3.7"
        },
        "sources": [
            {
                "name": "pypi",
                "url": "https://pypi.org/simple",
                "verify_ssl": true
            }
        ]
    },
    "default": {
        "googleapis-common-protos": {
            "hashes": [
                "sha256:d56ca712f67fff216d3be9eeeb8360ca59066d0365ba70b137b9e1801813747e"
            ],
            "index": "pypi",
            "version": "==1.5.8"
        },
        "grpcio": {
            "hashes": [
                "sha256:07c7f7b251b26ef94e29d2c19245e34d4d05897325a289b31de3b6a5e16fbd6c",
                "sha256:2ddbca16c2e7b3f2ffc6e34c7cfa6886fb01de9f156ad3f77b72ad652d632097",
                "sha256:30d84f9684b4c81ee37906bb303a84435948c2dd3db55d3ef38f8daf28bc6ea3",
                "sha256:316e6c79fb1585b23ae100ee26f6ffefa91a21e4d39588fa42efadd7f20c7225",
                "sha256:400abff9a772351fff72d5698c8758b837bec3d7f4ed93de70bae744d8f63f53",
                "sha256:4ed90a256f6f8690b5c95b9d4f2e9fe6513628f3674e9068e10637e50c2f93d6",
                "sha256:51fd87ff610ca2f483c668c3fa7f70d479bffb3c14805d2065b51194edea5e26",
                "sha256:5569aba69041530e04eff3d40536027db8851f4e11e6282849b9fc5b1855075d",
                "sha256:566b752e36cdcd5a4d38f292aca4c8e3095f13cfe82606e010d67749cacba341",
                "sha256:5817f970fbfed72a6203ff96349e796d8f6ff3ce85b58af241c4a14190d9f4d1",
                "sha256:5a97bb5a4af16f840f1211dbe66d61592f02110f286d96e67bf6006d7f96aab7",
                "sha256:5d57e41c913152b215eda070955b3544bdf20ed2327e5e5eed3005186220ebd0",
                "sha256:6cec17145978cef3d20093cdc05e88da597ce05076db566a66a35b9c55d416a3",
                "sha256:6ef7ab9b6ba09ce087ddb3b27f12504f50efdbf5d319b8b23173478765452301",
                "sha256:756c0d65e4ebce1c47787dbb48955864f2a768e1df76902f33d3e4062c209f3e",
                "sha256:828d13f0edd27f452af7fc23093c8a2d63d8fbd92595dbd0f698c78b13af9bdb",
                "sha256:8cf02c4e07520be61ad8b59b0043771ef2af666cb73066516eabfee562a28df4",
                "sha256:919dfe84d22ce2e2ae81d82238586d7c2a86714fb0b6cf9b437e336851e3c32d",
                "sha256:b04a061280b06cdc4e68c4147a0f46b98c395cf62f0c6df4fa2a30a083cdc333",
                "sha256:b2dbe7d2f9685bdbb4415f8e475dd96b1b1776193b7286705f90490c3f039037",
                "sha256:b60df7cbc3e77c39d5befe6a1e6e4213f3ca683d743ff7c1622b1d4412245a55",
                "sha256:b740681332b5a042b9e22246a3cdbfc3d644cf73d38e117f20ad9d8deab8f1a5",
                "sha256:ba434873945d5d4542589674cb60c43a1cf76b2b5f0c0f759aa76d499055722f",
                "sha256:bcb44cd53beccc92c730254ad3d50715b67a7432e693961b566d982f759b1787",
                "sha256:be1cbb6cad1d4242e3aaa4143eabcfbf383358f6c8e9951be2c497b65561b075",
                "sha256:c4e38326fcab5c52fd1a8c8e0f908bfe830629a5ffc60793ec5545ef913d62d2",
                "sha256:d03c0524d5953568f74269e0faebb1e880ba9f36ca8c773be397087c35bd8188",
                "sha256:ea897ffa80276565acdd92349ef82a768db0e3327aacd4aec82f79ca10989689",
                "sha256:edc50e8bcd10b165f34c3cf3e1d4f97e9c71b165b85a85b91cf3444000a17692",
                "sha256:f96a2e97df522b50da9cb3795f08199b110ceab4146bf70ea7f6a3a0213786cc",
                "sha256:fadb649a69e3b08e01f090c24f0c8cccc122e92c362c1a1727b695a63be8416b",
                "sha256:fbe4360ff1689a9753cbf1b27dad11e683d39117a32a64372a7c95c6abc81b81"
            ],
            "index": "pypi",
            "version": "==1.19.0"
        },
        "grpcio-tools": {
            "hashes": [
                "sha256:040c0d676fbc7ec5d9062c530ec951e3e3f10f65a94a4a6e2b2b57acf90fe379",
                "sha256:057213e04ced118f8a5701aa471431bd190f82609120cebc1b1126e6906c956a",
                "sha256:208d941fb4f4dd436be2e3ff7bcf1b452c723dfde242df75189bfdfca34c47b0",
                "sha256:217f799c345cbd5161685579cccae296281ffbea73b5b972952b9d5f23c51e7a",
                "sha256:245218a504ffdc068fd9d304e7552ab3057d5290c98bd4e22a6b668a7e89d800",
                "sha256:26f98078eedd7296e0e813d7485b7f4a48893891cdfffc174af0fbabb29cb600",
                "sha256:29b224c3abfc3a52bd2897a8e8c0def1fb9c0c9683de806e8de15c491fedc268",
                "sha256:2f3a16dd9a18de82a909c724a206459bc05c0f490847b82c2fff9b94d6b7d189",
                "sha256:347fba595e4c131f86710fd7c86fbd773cada961f38f815a8a28aaffe0e7ba92",
                "sha256:35302b2efcbc7c080c3bbf8819c95f4f7b0afaf34add3a682a4eb42a6e978a38",
                "sha256:4539a4852f51cb771a245b58e04c5e4d98416a9b221a462a551503ec847ce43b",
                "sha256:49e81498905b6eb0d0cad46b6981d1a7db7914f0aa685a50dc1ef01460285d89",
                "sha256:59bbcad83934a7b5c9eac854b027a2eb98b8ab6c67b33abc165d085d1c776b05",
                "sha256:676ca52939a5eb536b46785019bc2d7450ffb2cf98d1cc7285ac6514472e1348",
                "sha256:7624232ee8e9673138880f6c3cf63bbc96160824b0ef37f794614baa41900fe0",
                "sha256:7c807846b1f5829f7e9dfa8b59c114ac7d003fc7fc32340ec9eea11c6a85105a",
                "sha256:7f1da60259ddf090e5f91102c70c91637ce4ec08177087b32bd4eac4a9b8d706",
                "sha256:84860466dbd1462f1eca6f2ef8f0199c2b078c58ac5e457b1aef64bc1ef1e330",
                "sha256:982635e947aafbbc89c9771ae5265b538b63dccb71f9d704162cb9b2d96f3237",
                "sha256:98a54853f0d549cad8e67d115dab7689666836a3299a1da7f5efa160d068f6ef",
                "sha256:9ff3f693adb4901d40312ec88d2081cb4bd6014d7fb06b178efd47511977fb55",
                "sha256:a3808cdd8aa13ea92b2e1b9d7ae1f0fc79fc051c86d5a42e5c748c8baa354aa1",
                "sha256:a861c6fc3597ea74c5355b97a5b0b3ec09858eb908f7bb85e73f76aadb614e6a",
                "sha256:becfdef8f58363792239c1aa2a448b87d038e11bf07089c6afb6305e6a8603a6",
                "sha256:c533776e706c742da0aadcf98b482edafae3e9a14bb3f65d263c332c606c0604",
                "sha256:cb931e4efa6056bd2be9d4f6b69d6ba6786063fa6c9425647f3d25b12b927fe9",
                "sha256:d0edca5baa2397e8516443c6c619a50e84dd3cae65c43c4b0d975e07c0a84d3f",
                "sha256:da66ebde4152c50242ebf1423e623099e158b893748824eaf626fa4d4f2da60a",
                "sha256:df124b64e6ab6dc52429a1b0afdf2d7e46e3a2e6b860966a872802d3b418151e",
                "sha256:e9db0092d0a5974766f432b511aca576a35c4fb40edff16adf26d8129ab08016",
                "sha256:f929c32403bd686c0e60bd9daa09e5b5dde9289e197a916dc79fde8ea8881976",
                "sha256:fb8b7d63cbb931cbc46064405519b688ef42a235fb94db95f2d94d761e39dd19"
            ],
            "index": "pypi",
            "version": "==1.19.0"
        },
        "protobuf": {
            "hashes": [
                "sha256:0c44e01f74109decea196b5b313b08edb5316df77313995594a6981e95674259",
                "sha256:15cdecb0d192ab5f17cdc21a9c0ae7b5c6c4451e42c8a888a4f3344c190e369c",
                "sha256:196a153e487c0e20d62259872bbf2e1c4fa18e2ce97e20984fcbf9d8b151058d",
                "sha256:3149c373e9b7ce296bb24d42a3eb677d620185b5dff2c390b2cf57baf79afdc1",
                "sha256:370a6b885e94adda021d4cbe43accdfbf6a02af651a0be337a28906a3fa77f3d",
                "sha256:474247630834f93214fafce49d2ee6ff4c036c8c5382b88432b7eae6f08f131b",
                "sha256:6380aae2683d0d1b41199e591c8ba06f867e8a778d44309af87073c1b34a9f3a",
                "sha256:6741d7d1cfcbdd6cf610f38b7976cf8c0b41022203555298925e4061b6616608",
                "sha256:700787cb56b4cb7b8ed5f7d197b9d8f30080f257f3c7431eec1fdd8060660929",
                "sha256:8117b52c2531e4033f7d02b9be5a78564da41a8b02c255e1b731ad4bd75e7dc0",
                "sha256:850da2072d98c6e576b7eb29734cdde6fd9f5d157e43d7818d79f4b373ef5d51",
                "sha256:85d1fb5ff1d638a0045bbe4f01a8f287023aa4f2b29011445b1be0edc74a2103",
                "sha256:93bca9aaeee8008e15696c2a6b5e56b992da03f9d237ff54310e397d635f8305",
                "sha256:98d414513ec44bb3ba77ebdeffcbbe6ebbf3630c767d37a285890c2414fdd4e2",
                "sha256:a7f91a4e5bf3cc58b2830c9cb01b04ac5e211c288048e9296cd407ec0455fb89",
                "sha256:abbcb8ecd19cfb729b9b71f9a453e37c0c1c017be4bff47804ff25150685386d",
                "sha256:b03966ca4d1aa7850f5bf0d841c22a8eeb6ce091f77e585ffeb8b95a6b0a96c4",
                "sha256:cde2a73b03049b904dbc5d0f500b97e11abb4109dbe2940e6a1595e2eef4e8a9",
                "sha256:d52a687e2c74c40f45abd6906f833d4e40f0f8cfa4226a80e4695fedafe6c57e",
                "sha256:e68ad00695547d9397dd14abd3efba23cb31cef67228f4512d41396971889812",
                "sha256:e9bffd52d6ee039a1cafb72475b2900c6fd0f0dca667fb7a09af0a3e119e78cb"
            ],
            "index": "pypi",
            "version": "==3.18.3"
        },
        "six": {
            "hashes": [
                "sha256:1e61c37477a1626458e36f7b1d82aa5c9b094fa4802892072e49de9c60c4c926",
                "sha256:8abb2f1d86890a2dfb989f9a77cfcfd3e47c2a354b01111771326f8aa26e0254"
            ],
            "markers": "python_version >= '2.7' and python_version not in '3.0, 3.1, 3.2, 3.3'",
            "version": "==1.16.0"
        }
    },
    "develop": {}
}
